
Microsoft Visual Studio Solution File, Format Version 12.00
# Visual Studio Version 16
VisualStudioVersion = 16.0.31205.134
MinimumVisualStudioVersion = 10.0.40219.1
Project("{9A19103F-16F7-4668-BE54-9A1E7A4F7556}") = "View", "View\View.csproj", "{49E46D5E-8FC4-48E4-88BC-E0C8584F0771}"
EndProject
Project("{FAE04EC0-301F-11D3-BF4B-00C04F79EFBC}") = "Controleur", "Controleur\Controleur.csproj", "{68875AD7-3D81-4763-A99E-C3E0D16A0D39}"
EndProject
Project("{FAE04EC0-301F-11D3-BF4B-00C04F79EFBC}") = "Model", "Model\Model.csproj", "{BD18454A-E598-4229-8816-AE5DB5B57C6F}"
EndProject
Global
	GlobalSection(SolutionConfigurationPlatforms) = preSolution
		Debug|Any CPU = Debug|Any CPU
		Release|Any CPU = Release|Any CPU
	EndGlobalSection
	GlobalSection(ProjectConfigurationPlatforms) = postSolution
		{49E46D5E-8FC4-48E4-88BC-E0C8584F0771}.Debug|Any CPU.ActiveCfg = Debug|Any CPU
		{49E46D5E-8FC4-48E4-88BC-E0C8584F0771}.Debug|Any CPU.Build.0 = Debug|Any CPU
		{49E46D5E-8FC4-48E4-88BC-E0C8584F0771}.Release|Any CPU.ActiveCfg = Release|Any CPU
		{49E46D5E-8FC4-48E4-88BC-E0C8584F0771}.Release|Any CPU.Build.0 = Release|Any CPU
		{68875AD7-3D81-4763-A99E-C3E0D16A0D39}.Debug|Any CPU.ActiveCfg = Debug|Any CPU
		{68875AD7-3D81-4763-A99E-C3E0D16A0D39}.Debug|Any CPU.Build.0 = Debug|Any CPU
		{68875AD7-3D81-4763-A99E-C3E0D16A0D39}.Release|Any CPU.ActiveCfg = Release|Any CPU
		{68875AD7-3D81-4763-A99E-C3E0D16A0D39}.Release|Any CPU.Build.0 = Release|Any CPU
		{BD18454A-E598-4229-8816-AE5DB5B57C6F}.Debug|Any CPU.ActiveCfg = Debug|Any CPU
		{BD18454A-E598-4229-8816-AE5DB5B57C6F}.Debug|Any CPU.Build.0 = Debug|Any CPU
		{BD18454A-E598-4229-8816-AE5DB5B57C6F}.Release|Any CPU.ActiveCfg = Release|Any CPU
		{BD18454A-E598-4229-8816-AE5DB5B57C6F}.Release|Any CPU.Build.0 = Release|Any CPU
	EndGlobalSection
	GlobalSection(SolutionProperties) = preSolution
		HideSolutionNode = FALSE
	EndGlobalSection
	GlobalSection(ExtensibilityGlobals) = postSolution
		SolutionGuid = {E91376D8-7F63-4E7F-9BC5-E3F2A8F608ED}
	EndGlobalSection
EndGlobal
